
Microsoft Visual Studio Solution File, Format Version 12.00
# Visual Studio Version 16
VisualStudioVersion = 16.0.31402.337
MinimumVisualStudioVersion = 10.0.40219.1
Project("{9A19103F-16F7-4668-BE54-9A1E7A4F7556}") = "P0", "P0.csproj", "{18F5FAD3-5314-493C-8EF1-26A1C89A5A33}"
EndProject
Project("{9A19103F-16F7-4668-BE54-9A1E7A4F7556}") = "P0DbContext", "..\P0DbContext\P0DbContext.csproj", "{D9D70E85-E603-43EF-9D8C-0FA0F488EFC5}"
EndProject
Project("{9A19103F-16F7-4668-BE54-9A1E7A4F7556}") = "BusinessLayer", "..\BusinessLayer\BusinessLayer.csproj", "{51D104EB-E7CE-4A11-B17D-1A7CCB1ADCE8}"
EndProject
Project("{9A19103F-16F7-4668-BE54-9A1E7A4F7556}") = "ModelsLayer", "..\ModelsLayer\ModelsLayer.csproj", "{CD62A157-AE47-44F3-B137-25D817D3B201}"
EndProject
Project("{FAE04EC0-301F-11D3-BF4B-00C04F79EFBC}") = "UserInterfaceLayer", "..\UserInterfaceLayer\UserInterfaceLayer.csproj", "{D7F14752-F875-4E68-9648-4FF6C72DCDA9}"
EndProject
Global
	GlobalSection(SolutionConfigurationPlatforms) = preSolution
		Debug|Any CPU = Debug|Any CPU
		Release|Any CPU = Release|Any CPU
	EndGlobalSection
	GlobalSection(ProjectConfigurationPlatforms) = postSolution
		{18F5FAD3-5314-493C-8EF1-26A1C89A5A33}.Debug|Any CPU.ActiveCfg = Debug|Any CPU
		{18F5FAD3-5314-493C-8EF1-26A1C89A5A33}.Debug|Any CPU.Build.0 = Debug|Any CPU
		{18F5FAD3-5314-493C-8EF1-26A1C89A5A33}.Release|Any CPU.ActiveCfg = Release|Any CPU
		{18F5FAD3-5314-493C-8EF1-26A1C89A5A33}.Release|Any CPU.Build.0 = Release|Any CPU
		{D9D70E85-E603-43EF-9D8C-0FA0F488EFC5}.Debug|Any CPU.ActiveCfg = Debug|Any CPU
		{D9D70E85-E603-43EF-9D8C-0FA0F488EFC5}.Debug|Any CPU.Build.0 = Debug|Any CPU
		{D9D70E85-E603-43EF-9D8C-0FA0F488EFC5}.Release|Any CPU.ActiveCfg = Release|Any CPU
		{D9D70E85-E603-43EF-9D8C-0FA0F488EFC5}.Release|Any CPU.Build.0 = Release|Any CPU
		{51D104EB-E7CE-4A11-B17D-1A7CCB1ADCE8}.Debug|Any CPU.ActiveCfg = Debug|Any CPU
		{51D104EB-E7CE-4A11-B17D-1A7CCB1ADCE8}.Debug|Any CPU.Build.0 = Debug|Any CPU
		{51D104EB-E7CE-4A11-B17D-1A7CCB1ADCE8}.Release|Any CPU.ActiveCfg = Release|Any CPU
		{51D104EB-E7CE-4A11-B17D-1A7CCB1ADCE8}.Release|Any CPU.Build.0 = Release|Any CPU
		{CD62A157-AE47-44F3-B137-25D817D3B201}.Debug|Any CPU.ActiveCfg = Debug|Any CPU
		{CD62A157-AE47-44F3-B137-25D817D3B201}.Debug|Any CPU.Build.0 = Debug|Any CPU
		{CD62A157-AE47-44F3-B137-25D817D3B201}.Release|Any CPU.ActiveCfg = Release|Any CPU
		{CD62A157-AE47-44F3-B137-25D817D3B201}.Release|Any CPU.Build.0 = Release|Any CPU
		{D7F14752-F875-4E68-9648-4FF6C72DCDA9}.Debug|Any CPU.ActiveCfg = Debug|Any CPU
		{D7F14752-F875-4E68-9648-4FF6C72DCDA9}.Debug|Any CPU.Build.0 = Debug|Any CPU
		{D7F14752-F875-4E68-9648-4FF6C72DCDA9}.Release|Any CPU.ActiveCfg = Release|Any CPU
		{D7F14752-F875-4E68-9648-4FF6C72DCDA9}.Release|Any CPU.Build.0 = Release|Any CPU
	EndGlobalSection
	GlobalSection(SolutionProperties) = preSolution
		HideSolutionNode = FALSE
	EndGlobalSection
	GlobalSection(ExtensibilityGlobals) = postSolution
		SolutionGuid = {F03BCD73-EFBF-4D37-A713-1A30E703976E}
	EndGlobalSection
EndGlobal
